
Microsoft Visual Studio Solution File, Format Version 10.00
# Visual C++ Express 2008
Project("{8BC9CEB8-8B4A-11D0-8D11-00A0C91BC942}") = "Tarea_3", "Tarea_3.vcproj", "{010DD2FF-7013-44A2-8B1D-69EFFE2AF9DE}"
EndProject
Global
	GlobalSection(SolutionConfigurationPlatforms) = preSolution
		Debug|Win32 = Debug|Win32
		Release|Win32 = Release|Win32
	EndGlobalSection
	GlobalSection(ProjectConfigurationPlatforms) = postSolution
		{010DD2FF-7013-44A2-8B1D-69EFFE2AF9DE}.Debug|Win32.ActiveCfg = Debug|Win32
		{010DD2FF-7013-44A2-8B1D-69EFFE2AF9DE}.Debug|Win32.Build.0 = Debug|Win32
		{010DD2FF-7013-44A2-8B1D-69EFFE2AF9DE}.Release|Win32.ActiveCfg = Release|Win32
		{010DD2FF-7013-44A2-8B1D-69EFFE2AF9DE}.Release|Win32.Build.0 = Release|Win32
	EndGlobalSection
	GlobalSection(SolutionProperties) = preSolution
		HideSolutionNode = FALSE
	EndGlobalSection
EndGlobal
